
Microsoft Visual Studio Solution File, Format Version 12.00
# Visual Studio Version 16
VisualStudioVersion = 16.0.29020.237
MinimumVisualStudioVersion = 10.0.40219.1
Project("{FAE04EC0-301F-11D3-BF4B-00C04F79EFBC}") = "BethanysPieShop", "BethanysPieShop\BethanysPieShop.csproj", "{281A2DE7-CBB1-44A3-85D6-4F4A30A9B9B5}"
EndProject
Global
	GlobalSection(SolutionConfigurationPlatforms) = preSolution
		Debug|Any CPU = Debug|Any CPU
		Release|Any CPU = Release|Any CPU
	EndGlobalSection
	GlobalSection(ProjectConfigurationPlatforms) = postSolution
		{281A2DE7-CBB1-44A3-85D6-4F4A30A9B9B5}.Debug|Any CPU.ActiveCfg = Debug|Any CPU
		{281A2DE7-CBB1-44A3-85D6-4F4A30A9B9B5}.Debug|Any CPU.Build.0 = Debug|Any CPU
		{281A2DE7-CBB1-44A3-85D6-4F4A30A9B9B5}.Release|Any CPU.ActiveCfg = Release|Any CPU
		{281A2DE7-CBB1-44A3-85D6-4F4A30A9B9B5}.Release|Any CPU.Build.0 = Release|Any CPU
	EndGlobalSection
	GlobalSection(SolutionProperties) = preSolution
		HideSolutionNode = FALSE
	EndGlobalSection
	GlobalSection(ExtensibilityGlobals) = postSolution
		SolutionGuid = {AE4461C5-F1E8-488F-9FED-F8B63B088BFE}
	EndGlobalSection
EndGlobal
